
Microsoft Visual Studio Solution File, Format Version 12.00
# Visual Studio Version 17
VisualStudioVersion = 17.5.33627.172
MinimumVisualStudioVersion = 10.0.40219.1
Project("{FAE04EC0-301F-11D3-BF4B-00C04F79EFBC}") = "Seifa2011_2016_API", "Seifa2011_2016_API.csproj", "{3AD0D696-B955-4BCA-A0B8-E45B0AAC22A7}"
EndProject
Global
	GlobalSection(SolutionConfigurationPlatforms) = preSolution
		Debug|Any CPU = Debug|Any CPU
		Release|Any CPU = Release|Any CPU
	EndGlobalSection
	GlobalSection(ProjectConfigurationPlatforms) = postSolution
		{3AD0D696-B955-4BCA-A0B8-E45B0AAC22A7}.Debug|Any CPU.ActiveCfg = Debug|Any CPU
		{3AD0D696-B955-4BCA-A0B8-E45B0AAC22A7}.Debug|Any CPU.Build.0 = Debug|Any CPU
		{3AD0D696-B955-4BCA-A0B8-E45B0AAC22A7}.Release|Any CPU.ActiveCfg = Release|Any CPU
		{3AD0D696-B955-4BCA-A0B8-E45B0AAC22A7}.Release|Any CPU.Build.0 = Release|Any CPU
	EndGlobalSection
	GlobalSection(SolutionProperties) = preSolution
		HideSolutionNode = FALSE
	EndGlobalSection
	GlobalSection(ExtensibilityGlobals) = postSolution
		SolutionGuid = {6C729D17-E71D-4F8E-9874-1AC5D4ADA9CC}
	EndGlobalSection
EndGlobal
